PODS:
  - Alamofire (5.2.2)
  - FBSDKCoreKit (7.1.1):
    - FBSDKCoreKit/Basics (= 7.1.1)
    - FBSDKCoreKit/Core (= 7.1.1)
  - FBSDKCoreKit/Basics (7.1.1)
  - FBSDKCoreKit/Core (7.1.1):
    - FBSDKCoreKit/Basics
  - FBSDKLoginKit (7.1.1):
    - FBSDKLoginKit/Login (= 7.1.1)
  - FBSDKLoginKit/Login (7.1.1):
    - FBSDKCoreKit (~> 7.1.1)
  - HJWeather (0.1.5):
    - Alamofire
    - SwiftyJSON
  - naveridlogin-sdk-ios (4.1.2)
  - SwiftyJSON (5.0.0)

DEPENDENCIES:
  - Alamofire
  - FBSDKLoginKit
  - HJWeather
  - naveridlogin-sdk-ios

SPEC REPOS:
  trunk:
    - Alamofire
    - FBSDKCoreKit
    - FBSDKLoginKit
    - HJWeather
    - naveridlogin-sdk-ios
    - SwiftyJSON

SPEC CHECKSUMS:
  Alamofire: 814429acc853c6c54ff123fc3d2ef66803823ce0
  FBSDKCoreKit: b46507dc8b8cefed31d644e74d7cc30e2a715ef8
  FBSDKLoginKit: 1a61d79e2b25e2fc0d03dccab1e34b38bbdf2546
  HJWeather: 6c4fdf52403772e66bd2f04b68c4ce535ea72197
  naveridlogin-sdk-ios: cf8afccdb1793d4ecfcd5d46aa8729d8b5058c70
  SwiftyJSON: 36413e04c44ee145039d332b4f4e2d3e8d6c4db7

PODFILE CHECKSUM: b4be8680ae72c3c3cbc4e9fb569c1dc6b6870d46

COCOAPODS: 1.9.1
