// !$*UTF8*$!
{
	archiveVersion = 1;
	classes = {
	};
	objectVersion = 50;
	objects = {

/* Begin PBXBuildFile section */
		101E96342501496C003E9D35 /* AppDelegate.swift in Sources */ = {isa = PBXBuildFile; fileRef = 101E96332501496C003E9D35 /* AppDelegate.swift */; };
		101E96362501496C003E9D35 /* SceneDelegate.swift in Sources */ = {isa = PBXBuildFile; fileRef = 101E96352501496C003E9D35 /* SceneDelegate.swift */; };
		101E96382501496C003E9D35 /* ViewController.swift in Sources */ = {isa = PBXBuildFile; fileRef = 101E96372501496C003E9D35 /* ViewController.swift */; };
		101E963B2501496C003E9D35 /* Main.storyboard in Resources */ = {isa = PBXBuildFile; fileRef = 101E96392501496C003E9D35 /* Main.storyboard */; };
		101E963D2501496D003E9D35 /* Assets.xcassets in Resources */ = {isa = PBXBuildFile; fileRef = 101E963C2501496D003E9D35 /* Assets.xcassets */; };
		101E96402501496D003E9D35 /* LaunchScreen.storyboard in Resources */ = {isa = PBXBuildFile; fileRef = 101E963E2501496D003E9D35 /* LaunchScreen.storyboard */; };
		101E964A2501499F003E9D35 /* LoginController.swift in Sources */ = {isa = PBXBuildFile; fileRef = 101E96472501499F003E9D35 /* LoginController.swift */; };
		101E964B2501499F003E9D35 /* Extensions.swift in Sources */ = {isa = PBXBuildFile; fileRef = 101E96482501499F003E9D35 /* Extensions.swift */; };
		101E964C2501499F003E9D35 /* MainController.swift in Sources */ = {isa = PBXBuildFile; fileRef = 101E96492501499F003E9D35 /* MainController.swift */; };
		101E965525014F42003E9D35 /* KakaoOpenSDK.framework in Frameworks */ = {isa = PBXBuildFile; fileRef = 101E965325014F1E003E9D35 /* KakaoOpenSDK.framework */; };
		101E965625014F42003E9D35 /* KakaoOpenSDK.framework in Embed Frameworks */ = {isa = PBXBuildFile; fileRef = 101E965325014F1E003E9D35 /* KakaoOpenSDK.framework */; settings = {ATTRIBUTES = (CodeSignOnCopy, RemoveHeadersOnCopy, ); }; };
/* End PBXBuildFile section */

/* Begin PBXCopyFilesBuildPhase section */
		101E965125014C8A003E9D35 /* Embed Frameworks */ = {
			isa = PBXCopyFilesBuildPhase;
			buildActionMask = 2147483647;
			dstPath = "";
			dstSubfolderSpec = 10;
			files = (
				101E965625014F42003E9D35 /* KakaoOpenSDK.framework in Embed Frameworks */,
			);
			name = "Embed Frameworks";
			runOnlyForDeploymentPostprocessing = 0;
		};
/* End PBXCopyFilesBuildPhase section */

/* Begin PBXFileReference section */
		101E96302501496C003E9D35 /* HJPortfolio.app */ = {isa = PBXFileReference; explicitFileType = wrapper.application; includeInIndex = 0; path = HJPortfolio.app; sourceTree = BUILT_PRODUCTS_DIR; };
		101E96332501496C003E9D35 /* AppDelegate.swift */ = {isa = PBXFileReference; lastKnownFileType = sourcecode.swift; path = AppDelegate.swift; sourceTree = "<group>"; };
		101E96352501496C003E9D35 /* SceneDelegate.swift */ = {isa = PBXFileReference; lastKnownFileType = sourcecode.swift; path = SceneDelegate.swift; sourceTree = "<group>"; };
		101E96372501496C003E9D35 /* ViewController.swift */ = {isa = PBXFileReference; lastKnownFileType = sourcecode.swift; path = ViewController.swift; sourceTree = "<group>"; };
		101E963A2501496C003E9D35 /* Base */ = {isa = PBXFileReference; lastKnownFileType = file.storyboard; name = Base; path = Base.lproj/Main.storyboard; sourceTree = "<group>"; };
		101E963C2501496D003E9D35 /* Assets.xcassets */ = {isa = PBXFileReference; lastKnownFileType = folder.assetcatalog; path = Assets.xcassets; sourceTree = "<group>"; };
		101E963F2501496D003E9D35 /* Base */ = {isa = PBXFileReference; lastKnownFileType = file.storyboard; name = Base; path = Base.lproj/LaunchScreen.storyboard; sourceTree = "<group>"; };
		101E96412501496D003E9D35 /* Info.plist */ = {isa = PBXFileReference; lastKnownFileType = text.plist.xml; path = Info.plist; sourceTree = "<group>"; };
		101E96472501499F003E9D35 /* LoginController.swift */ = {isa = PBXFileReference; fileEncoding = 4; lastKnownFileType = sourcecode.swift; path = LoginController.swift; sourceTree = "<group>"; };
		101E96482501499F003E9D35 /* Extensions.swift */ = {isa = PBXFileReference; fileEncoding = 4; lastKnownFileType = sourcecode.swift; path = Extensions.swift; sourceTree = "<group>"; };
		101E96492501499F003E9D35 /* MainController.swift */ = {isa = PBXFileReference; fileEncoding = 4; lastKnownFileType = sourcecode.swift; path = MainController.swift; sourceTree = "<group>"; };
		101E965225014D0F003E9D35 /* KakaoOpenSDK-Bridging-Header.h */ = {isa = PBXFileReference; fileEncoding = 4; lastKnownFileType = sourcecode.c.h; path = "KakaoOpenSDK-Bridging-Header.h"; sourceTree = "<group>"; };
		101E965325014F1E003E9D35 /* KakaoOpenSDK.framework */ = {isa = PBXFileReference; lastKnownFileType = wrapper.framework; path = KakaoOpenSDK.framework; sourceTree = "<group>"; };
/* End PBXFileReference section */

/* Begin PBXFrameworksBuildPhase section */
		101E962D2501496C003E9D35 /* Frameworks */ = {
			isa = PBXFrameworksBuildPhase;
			buildActionMask = 2147483647;
			files = (
				101E965525014F42003E9D35 /* KakaoOpenSDK.framework in Frameworks */,
			);
			runOnlyForDeploymentPostprocessing = 0;
		};
/* End PBXFrameworksBuildPhase section */

/* Begin PBXGroup section */
		101E96272501496C003E9D35 = {
			isa = PBXGroup;
			children = (
				101E96322501496C003E9D35 /* HJPortfolio */,
				101E96312501496C003E9D35 /* Products */,
				101E964D25014C8A003E9D35 /* Frameworks */,
			);
			sourceTree = "<group>";
		};
		101E96312501496C003E9D35 /* Products */ = {
			isa = PBXGroup;
			children = (
				101E96302501496C003E9D35 /* HJPortfolio.app */,
			);
			name = Products;
			sourceTree = "<group>";
		};
		101E96322501496C003E9D35 /* HJPortfolio */ = {
			isa = PBXGroup;
			children = (
				101E965225014D0F003E9D35 /* KakaoOpenSDK-Bridging-Header.h */,
				101E96332501496C003E9D35 /* AppDelegate.swift */,
				101E96352501496C003E9D35 /* SceneDelegate.swift */,
				101E96482501499F003E9D35 /* Extensions.swift */,
				101E96472501499F003E9D35 /* LoginController.swift */,
				101E96492501499F003E9D35 /* MainController.swift */,
				101E96372501496C003E9D35 /* ViewController.swift */,
				101E96392501496C003E9D35 /* Main.storyboard */,
				101E963C2501496D003E9D35 /* Assets.xcassets */,
				101E963E2501496D003E9D35 /* LaunchScreen.storyboard */,
				101E96412501496D003E9D35 /* Info.plist */,
			);
			path = HJPortfolio;
			sourceTree = "<group>";
		};
		101E964D25014C8A003E9D35 /* Frameworks */ = {
			isa = PBXGroup;
			children = (
				101E965325014F1E003E9D35 /* KakaoOpenSDK.framework */,
			);
			name = Frameworks;
			sourceTree = "<group>";
		};
/* End PBXGroup section */

/* Begin PBXNativeTarget section */
		101E962F2501496C003E9D35 /* HJPortfolio */ = {
			isa = PBXNativeTarget;
			buildConfigurationList = 101E96442501496D003E9D35 /* Build configuration list for PBXNativeTarget "HJPortfolio" */;
			buildPhases = (
				101E962C2501496C003E9D35 /* Sources */,
				101E962D2501496C003E9D35 /* Frameworks */,
				101E962E2501496C003E9D35 /* Resources */,
				101E965125014C8A003E9D35 /* Embed Frameworks */,
			);
			buildRules = (
			);
			dependencies = (
			);
			name = HJPortfolio;
			productName = HJPortfolio;
			productReference = 101E96302501496C003E9D35 /* HJPortfolio.app */;
			productType = "com.apple.product-type.application";
		};
/* End PBXNativeTarget section */

/* Begin PBXProject section */
		101E96282501496C003E9D35 /* Project object */ = {
			isa = PBXProject;
			attributes = {
				LastSwiftUpdateCheck = 1160;
				LastUpgradeCheck = 1160;
				ORGANIZATIONNAME = HJ;
				TargetAttributes = {
					101E962F2501496C003E9D35 = {
						CreatedOnToolsVersion = 11.6;
					};
				};
			};
			buildConfigurationList = 101E962B2501496C003E9D35 /* Build configuration list for PBXProject "HJPortfolio" */;
			compatibilityVersion = "Xcode 9.3";
			developmentRegion = en;
			hasScannedForEncodings = 0;
			knownRegions = (
				en,
				Base,
			);
			mainGroup = 101E96272501496C003E9D35;
			productRefGroup = 101E96312501496C003E9D35 /* Products */;
			projectDirPath = "";
			projectRoot = "";
			targets = (
				101E962F2501496C003E9D35 /* HJPortfolio */,
			);
		};
/* End PBXProject section */

/* Begin PBXResourcesBuildPhase section */
		101E962E2501496C003E9D35 /* Resources */ = {
			isa = PBXResourcesBuildPhase;
			buildActionMask = 2147483647;
			files = (
				101E96402501496D003E9D35 /* LaunchScreen.storyboard in Resources */,
				101E963D2501496D003E9D35 /* Assets.xcassets in Resources */,
				101E963B2501496C003E9D35 /* Main.storyboard in Resources */,
			);
			runOnlyForDeploymentPostprocessing = 0;
		};
/* End PBXResourcesBuildPhase section */

/* Begin PBXSourcesBuildPhase section */
		101E962C2501496C003E9D35 /* Sources */ = {
			isa = PBXSourcesBuildPhase;
			buildActionMask = 2147483647;
			files = (
				101E964B2501499F003E9D35 /* Extensions.swift in Sources */,
				101E96382501496C003E9D35 /* ViewController.swift in Sources */,
				101E964A2501499F003E9D35 /* LoginController.swift in Sources */,
				101E96342501496C003E9D35 /* AppDelegate.swift in Sources */,
				101E964C2501499F003E9D35 /* MainController.swift in Sources */,
				101E96362501496C003E9D35 /* SceneDelegate.swift in Sources */,
			);
			runOnlyForDeploymentPostprocessing = 0;
		};
/* End PBXSourcesBuildPhase section */

/* Begin PBXVariantGroup section */
		101E96392501496C003E9D35 /* Main.storyboard */ = {
			isa = PBXVariantGroup;
			children = (
				101E963A2501496C003E9D35 /* Base */,
			);
			name = Main.storyboard;
			sourceTree = "<group>";
		};
		101E963E2501496D003E9D35 /* LaunchScreen.storyboard */ = {
			isa = PBXVariantGroup;
			children = (
				101E963F2501496D003E9D35 /* Base */,
			);
			name = LaunchScreen.storyboard;
			sourceTree = "<group>";
		};
/* End PBXVariantGroup section */

/* Begin XCBuildConfiguration section */
		101E96422501496D003E9D35 /* Debug */ = {
			isa = XCBuildConfiguration;
			buildSettings = {
				ALWAYS_SEARCH_USER_PATHS = NO;
				CLANG_ANALYZER_NONNULL = YES;
				CLANG_ANALYZER_NUMBER_OBJECT_CONVERSION = YES_AGGRESSIVE;
				CLANG_CXX_LANGUAGE_STANDARD = "gnu++14";
				CLANG_CXX_LIBRARY = "libc++";
				CLANG_ENABLE_MODULES = YES;
				CLANG_ENABLE_OBJC_ARC = YES;
				CLANG_ENABLE_OBJC_WEAK = YES;
				CLANG_WARN_BLOCK_CAPTURE_AUTORELEASING = YES;
				CLANG_WARN_BOOL_CONVERSION = YES;
				CLANG_WARN_COMMA = YES;
				CLANG_WARN_CONSTANT_CONVERSION = YES;
				CLANG_WARN_DEPRECATED_OBJC_IMPLEMENTATIONS = YES;
				CLANG_WARN_DIRECT_OBJC_ISA_USAGE = YES_ERROR;
				CLANG_WARN_DOCUMENTATION_COMMENTS = YES;
				CLANG_WARN_EMPTY_BODY = YES;
				CLANG_WARN_ENUM_CONVERSION = YES;
				CLANG_WARN_INFINITE_RECURSION = YES;
				CLANG_WARN_INT_CONVERSION = YES;
				CLANG_WARN_NON_LITERAL_NULL_CONVERSION = YES;
				CLANG_WARN_OBJC_IMPLICIT_RETAIN_SELF = YES;
				CLANG_WARN_OBJC_LITERAL_CONVERSION = YES;
				CLANG_WARN_OBJC_ROOT_CLASS = YES_ERROR;
				CLANG_WARN_RANGE_LOOP_ANALYSIS = YES;
				CLANG_WARN_STRICT_PROTOTYPES = YES;
				CLANG_WARN_SUSPICIOUS_MOVE = YES;
				CLANG_WARN_UNGUARDED_AVAILABILITY = YES_AGGRESSIVE;
				CLANG_WARN_UNREACHABLE_CODE = YES;
				CLANG_WARN__DUPLICATE_METHOD_MATCH = YES;
				COPY_PHASE_STRIP = NO;
				DEBUG_INFORMATION_FORMAT = dwarf;
				ENABLE_STRICT_OBJC_MSGSEND = YES;
				ENABLE_TESTABILITY = YES;
				GCC_C_LANGUAGE_STANDARD = gnu11;
				GCC_DYNAMIC_NO_PIC = NO;
				GCC_NO_COMMON_BLOCKS = YES;
				GCC_OPTIMIZATION_LEVEL = 0;
				GCC_PREPROCESSOR_DEFINITIONS = (
					"DEBUG=1",
					"$(inherited)",
				);
				GCC_WARN_64_TO_32_BIT_CONVERSION = YES;
				GCC_WARN_ABOUT_RETURN_TYPE = YES_ERROR;
				GCC_WARN_UNDECLARED_SELECTOR = YES;
				GCC_WARN_UNINITIALIZED_AUTOS = YES_AGGRESSIVE;
				GCC_WARN_UNUSED_FUNCTION = YES;
				GCC_WARN_UNUSED_VARIABLE = YES;
				IPHONEOS_DEPLOYMENT_TARGET = 13.6;
				MTL_ENABLE_DEBUG_INFO = INCLUDE_SOURCE;
				MTL_FAST_MATH = YES;
				ONLY_ACTIVE_ARCH = YES;
				SDKROOT = iphoneos;
				SWIFT_ACTIVE_COMPILATION_CONDITIONS = DEBUG;
				SWIFT_OPTIMIZATION_LEVEL = "-Onone";
			};
			name = Debug;
		};
		101E96432501496D003E9D35 /* Release */ = {
			isa = XCBuildConfiguration;
			buildSettings = {
				ALWAYS_SEARCH_USER_PATHS = NO;
				CLANG_ANALYZER_NONNULL = YES;
				CLANG_ANALYZER_NUMBER_OBJECT_CONVERSION = YES_AGGRESSIVE;
				CLANG_CXX_LANGUAGE_STANDARD = "gnu++14";
				CLANG_CXX_LIBRARY = "libc++";
				CLANG_ENABLE_MODULES = YES;
				CLANG_ENABLE_OBJC_ARC = YES;
				CLANG_ENABLE_OBJC_WEAK = YES;
				CLANG_WARN_BLOCK_CAPTURE_AUTORELEASING = YES;
				CLANG_WARN_BOOL_CONVERSION = YES;
				CLANG_WARN_COMMA = YES;
				CLANG_WARN_CONSTANT_CONVERSION = YES;
				CLANG_WARN_DEPRECATED_OBJC_IMPLEMENTATIONS = YES;
				CLANG_WARN_DIRECT_OBJC_ISA_USAGE = YES_ERROR;
				CLANG_WARN_DOCUMENTATION_COMMENTS = YES;
				CLANG_WARN_EMPTY_BODY = YES;
				CLANG_WARN_ENUM_CONVERSION = YES;
				CLANG_WARN_INFINITE_RECURSION = YES;
				CLANG_WARN_INT_CONVERSION = YES;
				CLANG_WARN_NON_LITERAL_NULL_CONVERSION = YES;
				CLANG_WARN_OBJC_IMPLICIT_RETAIN_SELF = YES;
				CLANG_WARN_OBJC_LITERAL_CONVERSION = YES;
				CLANG_WARN_OBJC_ROOT_CLASS = YES_ERROR;
				CLANG_WARN_RANGE_LOOP_ANALYSIS = YES;
				CLANG_WARN_STRICT_PROTOTYPES = YES;
				CLANG_WARN_SUSPICIOUS_MOVE = YES;
				CLANG_WARN_UNGUARDED_AVAILABILITY = YES_AGGRESSIVE;
				CLANG_WARN_UNREACHABLE_CODE = YES;
				CLANG_WARN__DUPLICATE_METHOD_MATCH = YES;
				COPY_PHASE_STRIP = NO;
				DEBUG_INFORMATION_FORMAT = "dwarf-with-dsym";
				ENABLE_NS_ASSERTIONS = NO;
				ENABLE_STRICT_OBJC_MSGSEND = YES;
				GCC_C_LANGUAGE_STANDARD = gnu11;
				GCC_NO_COMMON_BLOCKS = YES;
				GCC_WARN_64_TO_32_BIT_CONVERSION = YES;
				GCC_WARN_ABOUT_RETURN_TYPE = YES_ERROR;
				GCC_WARN_UNDECLARED_SELECTOR = YES;
				GCC_WARN_UNINITIALIZED_AUTOS = YES_AGGRESSIVE;
				GCC_WARN_UNUSED_FUNCTION = YES;
				GCC_WARN_UNUSED_VARIABLE = YES;
				IPHONEOS_DEPLOYMENT_TARGET = 13.6;
				MTL_ENABLE_DEBUG_INFO = NO;
				MTL_FAST_MATH = YES;
				SDKROOT = iphoneos;
				SWIFT_COMPILATION_MODE = wholemodule;
				SWIFT_OPTIMIZATION_LEVEL = "-O";
				VALIDATE_PRODUCT = YES;
			};
			name = Release;
		};
		101E96452501496D003E9D35 /* Debug */ = {
			isa = XCBuildConfiguration;
			buildSettings = {
				ASSETCATALOG_COMPILER_APPICON_NAME = AppIcon;
				CODE_SIGN_STYLE = Automatic;
				DEVELOPMENT_TEAM = 3D2JL6BMG3;
				FRAMEWORK_SEARCH_PATHS = (
					"$(inherited)",
					"$(PROJECT_DIR)",
				);
				INFOPLIST_FILE = HJPortfolio/Info.plist;
				IPHONEOS_DEPLOYMENT_TARGET = 13.0;
				LD_RUNPATH_SEARCH_PATHS = (
					"$(inherited)",
					"@executable_path/Frameworks",
				);
				OTHER_LDFLAGS = "-all_load";
				PRODUCT_BUNDLE_IDENTIFIER = HJKim.HJPortfolio;
				PRODUCT_NAME = "$(TARGET_NAME)";
				SWIFT_OBJC_BRIDGING_HEADER = "./HJPortfolio/KakaoOpenSDK-Bridging-Header.h";
				SWIFT_VERSION = 5.0;
				TARGETED_DEVICE_FAMILY = "1,2";
			};
			name = Debug;
		};
		101E96462501496D003E9D35 /* Release */ = {
			isa = XCBuildConfiguration;
			buildSettings = {
				ASSETCATALOG_COMPILER_APPICON_NAME = AppIcon;
				CODE_SIGN_STYLE = Automatic;
				DEVELOPMENT_TEAM = 3D2JL6BMG3;
				FRAMEWORK_SEARCH_PATHS = (
					"$(inherited)",
					"$(PROJECT_DIR)",
				);
				INFOPLIST_FILE = HJPortfolio/Info.plist;
				IPHONEOS_DEPLOYMENT_TARGET = 13.0;
				LD_RUNPATH_SEARCH_PATHS = (
					"$(inherited)",
					"@executable_path/Frameworks",
				);
				OTHER_LDFLAGS = "-all_load";
				PRODUCT_BUNDLE_IDENTIFIER = HJKim.HJPortfolio;
				PRODUCT_NAME = "$(TARGET_NAME)";
				SWIFT_OBJC_BRIDGING_HEADER = "./HJPortfolio/KakaoOpenSDK-Bridging-Header.h";
				SWIFT_VERSION = 5.0;
				TARGETED_DEVICE_FAMILY = "1,2";
			};
			name = Release;
		};
/* End XCBuildConfiguration section */

/* Begin XCConfigurationList section */
		101E962B2501496C003E9D35 /* Build configuration list for PBXProject "HJPortfolio" */ = {
			isa = XCConfigurationList;
			buildConfigurations = (
				101E96422501496D003E9D35 /* Debug */,
				101E96432501496D003E9D35 /* Release */,
			);
			defaultConfigurationIsVisible = 0;
			defaultConfigurationName = Release;
		};
		101E96442501496D003E9D35 /* Build configuration list for PBXNativeTarget "HJPortfolio" */ = {
			isa = XCConfigurationList;
			buildConfigurations = (
				101E96452501496D003E9D35 /* Debug */,
				101E96462501496D003E9D35 /* Release */,
			);
			defaultConfigurationIsVisible = 0;
			defaultConfigurationName = Release;
		};
/* End XCConfigurationList section */
	};
	rootObject = 101E96282501496C003E9D35 /* Project object */;
}
